
Microsoft Visual Studio Solution File, Format Version 12.00
# Visual Studio Version 16
VisualStudioVersion = 16.0.29123.88
MinimumVisualStudioVersion = 10.0.40219.1
Project("{FAE04EC0-301F-11D3-BF4B-00C04F79EFBC}") = "Report", "Report\Report.csproj", "{696267CC-D9CD-4A3B-AD3F-2E07143378F8}"
EndProject
Global
	GlobalSection(SolutionConfigurationPlatforms) = preSolution
		Debug|Any CPU = Debug|Any CPU
		Release|Any CPU = Release|Any CPU
	EndGlobalSection
	GlobalSection(ProjectConfigurationPlatforms) = postSolution
		{696267CC-D9CD-4A3B-AD3F-2E07143378F8}.Debug|Any CPU.ActiveCfg = Debug|Any CPU
		{696267CC-D9CD-4A3B-AD3F-2E07143378F8}.Debug|Any CPU.Build.0 = Debug|Any CPU
		{696267CC-D9CD-4A3B-AD3F-2E07143378F8}.Release|Any CPU.ActiveCfg = Release|Any CPU
		{696267CC-D9CD-4A3B-AD3F-2E07143378F8}.Release|Any CPU.Build.0 = Release|Any CPU
	EndGlobalSection
	GlobalSection(SolutionProperties) = preSolution
		HideSolutionNode = FALSE
	EndGlobalSection
	GlobalSection(ExtensibilityGlobals) = postSolution
		SolutionGuid = {7BB59F58-1CCD-4D27-A1BA-3A0859036F61}
	EndGlobalSection
EndGlobal
